<Solution>
  <Folder Name="/Core/">
    <Project Path="src/Core.Application/Core.Application.csproj" />
    <Project Path="src/Core.Domain/Core.Domain.csproj" />
    <Project Path="src/Core.Infrastructure/Core.Infrastructure.csproj" />
    <Project Path="src/Core.EventBus/Core.EventBus.csproj" />
    <Project Path="src/Core.EventBusRabbitMQ/Core.EventBusRabbitMQ.csproj" />
    <Project Path="src/Core.IntegrationEventLogEF/Core.IntegrationEventLogEF.csproj" />
  </Folder>
  <Folder Name="/src/" />
  <Folder Name="/src/Aspire/">
    <Project Path="src/uSLearn.AppHost/uSLearn.AppHost.csproj" />
    <Project Path="src/uSLearn.ServiceDefaults/uSLearn.ServiceDefaults.csproj" />
  </Folder>
  <Folder Name="/src/Services/">
    <Project Path="src/uSLearn.Accounts.API/uSLearn.Accounts.API.csproj" />
    <Project Path="src/uSLearn.Identity.API/uSLearn.Identity.API.csproj" />
  </Folder>
  <Folder Name="/src/WebApp/">
    <Project Path="src/uSLearn.Web/uSLearn.Web.csproj" />
  </Folder>
</Solution>
